<?xml version="1.0" encoding="utf-8"?>
<Project ToolsVersion="4.0" xmlns="http://schemas.microsoft.com/developer/msbuild/2003">
  <ItemGroup>
    <ClCompile Include="main.cpp">
      <Filter>core</Filter>
    </ClCompile>
    <ClCompile Include="Libs\imgui\imgui.cpp">
      <Filter>Libs\imgui</Filter>
    </ClCompile>
    <ClCompile Include="Libs\imgui\imgui_demo.cpp">
      <Filter>Libs\imgui</Filter>
    </ClCompile>
    <ClCompile Include="Libs\imgui\imgui_draw.cpp">
      <Filter>Libs\imgui</Filter>
    </ClCompile>
    <ClCompile Include="Libs\imgui\imgui_impl_opengl3.cpp">
      <Filter>Libs\imgui</Filter>
    </ClCompile>
    <ClCompile Include="Libs\imgui\imgui_impl_win32.cpp">
      <Filter>Libs\imgui</Filter>
    </ClCompile>
    <ClCompile Include="Libs\imgui\imgui_tables.cpp">
      <Filter>Libs\imgui</Filter>
    </ClCompile>
    <ClCompile Include="Libs\imgui\imgui_widgets.cpp">
      <Filter>Libs\imgui</Filter>
    </ClCompile>
  </ItemGroup>
  <ItemGroup>
    <ClInclude Include="styles.h">
      <Filter>core\menu\tabs</Filter>
    </ClInclude>
    <ClInclude Include="about.h">
      <Filter>core\menu\tabs</Filter>
    </ClInclude>
    <ClInclude Include="configs.h">
      <Filter>core\menu\tabs</Filter>
    </ClInclude>
    <ClInclude Include="misc.h">
      <Filter>core\menu\tabs</Filter>
    </ClInclude>
    <ClInclude Include="player.h">
      <Filter>core\menu\tabs</Filter>
    </ClInclude>
    <ClInclude Include="skills.h">
      <Filter>core\menu\tabs</Filter>
    </ClInclude>
    <ClInclude Include="misc1.h">
      <Filter>core\menu\tabs\misctabs</Filter>
    </ClInclude>
    <ClInclude Include="misc2.h">
      <Filter>core\menu\tabs\misctabs</Filter>
    </ClInclude>
    <ClInclude Include="menu.h">
      <Filter>core\menu</Filter>
    </ClInclude>
    <ClInclude Include="jvm.h">
      <Filter>core\hooks</Filter>
    </ClInclude>
    <ClInclude Include="hooks.h">
      <Filter>core\hooks</Filter>
    </ClInclude>
    <ClInclude Include="imguistyles.h">
      <Filter>core\menu</Filter>
    </ClInclude>
    <ClInclude Include="configsystem.h">
      <Filter>core\utils</Filter>
    </ClInclude>
    <ClInclude Include="includes.h">
      <Filter>core\utils</Filter>
    </ClInclude>
    <ClInclude Include="utils.h">
      <Filter>core\utils</Filter>
    </ClInclude>
    <ClInclude Include="verdana.h">
      <Filter>core\misc</Filter>
    </ClInclude>
    <ClInclude Include="icon.h">
      <Filter>core\misc</Filter>
    </ClInclude>
    <ClInclude Include="terminal.h">
      <Filter>core\menu\windows</Filter>
    </ClInclude>
    <ClInclude Include="playercalls.h">
      <Filter>core\manipulation</Filter>
    </ClInclude>
    <ClInclude Include="inventorycalls.h">
      <Filter>core\manipulation</Filter>
    </ClInclude>
    <ClInclude Include="items_window.h">
      <Filter>core\menu\menubar</Filter>
    </ClInclude>
    <ClInclude Include="playerslist_window.h">
      <Filter>core\menu\menubar</Filter>
    </ClInclude>
    <ClInclude Include="clothing.h">
      <Filter>core\menu\menubar\itemstabs</Filter>
    </ClInclude>
    <ClInclude Include="json_cpp_format\combined.h">
      <Filter>core\misc\json_cpp_format</Filter>
    </ClInclude>
    <ClInclude Include="vector_itemmaps.h">
      <Filter>core\misc\json_cpp_format</Filter>
    </ClInclude>
    <ClInclude Include="equipment.h">
      <Filter>core\menu\menubar\itemstabs</Filter>
    </ClInclude>
    <ClInclude Include="food.h">
      <Filter>core\menu\menubar\itemstabs</Filter>
    </ClInclude>
    <ClInclude Include="itemsmisc.h">
      <Filter>core\menu\menubar\itemstabs</Filter>
    </ClInclude>
    <ClInclude Include="literature.h">
      <Filter>core\menu\menubar\itemstabs</Filter>
    </ClInclude>
    <ClInclude Include="materials.h">
      <Filter>core\menu\menubar\itemstabs</Filter>
    </ClInclude>
    <ClInclude Include="medical.h">
      <Filter>core\menu\menubar\itemstabs</Filter>
    </ClInclude>
    <ClInclude Include="vehicle.h">
      <Filter>core\menu\menubar\itemstabs</Filter>
    </ClInclude>
    <ClInclude Include="weapon.h">
      <Filter>core\menu\menubar\itemstabs</Filter>
    </ClInclude>
    <ClInclude Include="items_json_manager.h">
      <Filter>core\menu\menubar\managers</Filter>
    </ClInclude>
    <ClInclude Include="items_window_manager.h">
      <Filter>core\menu\menubar\managers</Filter>
    </ClInclude>
    <ClInclude Include="skillcalls.h">
      <Filter>core\manipulation</Filter>
    </ClInclude>
    <ClInclude Include="settings.h">
      <Filter>core\menu\tabs</Filter>
    </ClInclude>
    <ClInclude Include="en.h">
      <Filter>core\misc\languages</Filter>
    </ClInclude>
    <ClInclude Include="zh.h">
      <Filter>core\misc\languages</Filter>
    </ClInclude>
    <ClInclude Include="localization_manager.h">
      <Filter>core\utils</Filter>
    </ClInclude>
    <ClInclude Include="ru.h">
      <Filter>core\misc\languages</Filter>
    </ClInclude>
    <ClInclude Include="russian.h">
      <Filter>core\misc</Filter>
    </ClInclude>
    <ClInclude Include="chinese.h">
      <Filter>core\misc</Filter>
    </ClInclude>
    <ClInclude Include="pl.h">
      <Filter>core\misc\languages</Filter>
    </ClInclude>
    <ClInclude Include="br.h">
      <Filter>core\misc\languages</Filter>
    </ClInclude>
    <ClInclude Include="playerhandler.h">
      <Filter>core\handlers</Filter>
    </ClInclude>
    <ClInclude Include="Libs\stb\stb_image.h">
      <Filter>Libs\stb</Filter>
    </ClInclude>
    <ClInclude Include="Libs\opengl\x86\glew.h">
      <Filter>Libs\opengl\x86</Filter>
    </ClInclude>
    <ClInclude Include="Libs\opengl\x86\glxew.h">
      <Filter>Libs\opengl\x86</Filter>
    </ClInclude>
    <ClInclude Include="Libs\opengl\x86\wglew.h">
      <Filter>Libs\opengl\x86</Filter>
    </ClInclude>
    <ClInclude Include="Libs\opengl\x64\glew.h">
      <Filter>Libs\opengl\x64</Filter>
    </ClInclude>
    <ClInclude Include="Libs\opengl\x64\glxew.h">
      <Filter>Libs\opengl\x64</Filter>
    </ClInclude>
    <ClInclude Include="Libs\opengl\x64\wglew.h">
      <Filter>Libs\opengl\x64</Filter>
    </ClInclude>
    <ClInclude Include="Libs\minhook\MinHook.h">
      <Filter>Libs\minhook</Filter>
    </ClInclude>
    <ClInclude Include="Libs\json\json.h">
      <Filter>Libs\json</Filter>
    </ClInclude>
    <ClInclude Include="Libs\imgui\imconfig.h">
      <Filter>Libs\imgui</Filter>
    </ClInclude>
    <ClInclude Include="Libs\imgui\imgui.h">
      <Filter>Libs\imgui</Filter>
    </ClInclude>
    <ClInclude Include="Libs\imgui\imgui_impl_opengl3.h">
      <Filter>Libs\imgui</Filter>
    </ClInclude>
    <ClInclude Include="Libs\imgui\imgui_impl_opengl3_loader.h">
      <Filter>Libs\imgui</Filter>
    </ClInclude>
    <ClInclude Include="Libs\imgui\imgui_impl_win32.h">
      <Filter>Libs\imgui</Filter>
    </ClInclude>
    <ClInclude Include="Libs\imgui\imgui_internal.h">
      <Filter>Libs\imgui</Filter>
    </ClInclude>
    <ClInclude Include="Libs\imgui\imstb_rectpack.h">
      <Filter>Libs\imgui</Filter>
    </ClInclude>
    <ClInclude Include="Libs\imgui\imstb_textedit.h">
      <Filter>Libs\imgui</Filter>
    </ClInclude>
    <ClInclude Include="Libs\imgui\imstb_truetype.h">
      <Filter>Libs\imgui</Filter>
    </ClInclude>
  </ItemGroup>
  <ItemGroup>
    <Filter Include="core">
      <UniqueIdentifier>{f3f73919-aac9-4d1f-8ab9-62598aaef637}</UniqueIdentifier>
    </Filter>
    <Filter Include="core\menu">
      <UniqueIdentifier>{d5c0be26-e9fa-4680-89ba-b66173fd1f9a}</UniqueIdentifier>
    </Filter>
    <Filter Include="core\utils">
      <UniqueIdentifier>{828cf9dc-4b03-4e14-bf24-3ab8fc087b36}</UniqueIdentifier>
    </Filter>
    <Filter Include="core\hooks">
      <UniqueIdentifier>{4fa203f9-af33-4b30-afa4-4c11d8368dd3}</UniqueIdentifier>
    </Filter>
    <Filter Include="core\menu\tabs">
      <UniqueIdentifier>{4ddb8208-279f-4b6e-8010-ee7b76b13d66}</UniqueIdentifier>
    </Filter>
    <Filter Include="core\menu\tabs\misctabs">
      <UniqueIdentifier>{525a519e-cc7c-4ae1-9f60-440200621054}</UniqueIdentifier>
    </Filter>
    <Filter Include="core\misc">
      <UniqueIdentifier>{947b9800-aa53-43cd-9ee8-2d1de29dbce2}</UniqueIdentifier>
    </Filter>
    <Filter Include="core\menu\windows">
      <UniqueIdentifier>{892f090c-8ea8-4be8-ba52-0c9959b6e513}</UniqueIdentifier>
    </Filter>
    <Filter Include="core\manipulation">
      <UniqueIdentifier>{16a51400-8c7f-4ff8-9ceb-18efb3e42309}</UniqueIdentifier>
    </Filter>
    <Filter Include="core\menu\menubar">
      <UniqueIdentifier>{679723d1-ffbe-4826-9569-4c24f0afdf11}</UniqueIdentifier>
    </Filter>
    <Filter Include="core\menu\menubar\itemstabs">
      <UniqueIdentifier>{107e3624-2694-46ae-9f7b-35c55f463d11}</UniqueIdentifier>
    </Filter>
    <Filter Include="core\misc\json_cpp_format">
      <UniqueIdentifier>{7dfdcba3-973b-400b-b35b-9bea874fbb22}</UniqueIdentifier>
    </Filter>
    <Filter Include="core\menu\menubar\managers">
      <UniqueIdentifier>{d04793ca-ad1a-44f6-9b20-3b351677f14b}</UniqueIdentifier>
    </Filter>
    <Filter Include="core\misc\languages">
      <UniqueIdentifier>{ab6075d1-00b9-4f93-9d90-4c961f9627ab}</UniqueIdentifier>
    </Filter>
    <Filter Include="core\handlers">
      <UniqueIdentifier>{43b63059-03f7-4054-be48-863def05cf55}</UniqueIdentifier>
    </Filter>
    <Filter Include="Libs">
      <UniqueIdentifier>{761bf041-3595-42cb-96cd-937a550d3f4a}</UniqueIdentifier>
    </Filter>
    <Filter Include="Libs\imgui">
      <UniqueIdentifier>{9358f0b5-d15e-496f-b651-0f92e6684a0f}</UniqueIdentifier>
    </Filter>
    <Filter Include="Libs\json">
      <UniqueIdentifier>{44e0ab63-ec21-4f28-9480-c505d6e7e90d}</UniqueIdentifier>
    </Filter>
    <Filter Include="Libs\minhook">
      <UniqueIdentifier>{d140c838-aa16-4b2d-ab9f-cc4762046f2b}</UniqueIdentifier>
    </Filter>
    <Filter Include="Libs\opengl">
      <UniqueIdentifier>{52d7009b-1563-438e-82b0-65e1abef35c4}</UniqueIdentifier>
    </Filter>
    <Filter Include="Libs\stb">
      <UniqueIdentifier>{b69d1997-3a1e-4392-9717-fbea2fe39127}</UniqueIdentifier>
    </Filter>
    <Filter Include="Libs\opengl\x64">
      <UniqueIdentifier>{03188310-8464-4c2e-b518-fd550a271f21}</UniqueIdentifier>
    </Filter>
    <Filter Include="Libs\opengl\x86">
      <UniqueIdentifier>{577b2ca8-cd14-45f3-9f31-85198d1f7a66}</UniqueIdentifier>
    </Filter>
    <Filter Include="Libs\minhook\x64">
      <UniqueIdentifier>{3dcb1cc2-b7fa-4508-b895-2374657fc048}</UniqueIdentifier>
    </Filter>
    <Filter Include="Libs\minhook\x86">
      <UniqueIdentifier>{6ec28502-a019-429c-bf11-b3621996e604}</UniqueIdentifier>
    </Filter>
    <Filter Include="Libs\minhook\x86\debug">
      <UniqueIdentifier>{f8e6769b-6b98-425a-bcec-62e42ee5a3d3}</UniqueIdentifier>
    </Filter>
    <Filter Include="Libs\minhook\x86\release">
      <UniqueIdentifier>{04eb6907-f2ad-4906-a417-e585d23e79f1}</UniqueIdentifier>
    </Filter>
    <Filter Include="Libs\minhook\x64\debug">
      <UniqueIdentifier>{2f26852a-a2e8-4883-ba7d-895f246ad83b}</UniqueIdentifier>
    </Filter>
    <Filter Include="Libs\minhook\x64\release">
      <UniqueIdentifier>{0a29fbb4-0c1d-4f5d-8fae-0b072a9e5051}</UniqueIdentifier>
    </Filter>
  </ItemGroup>
  <ItemGroup>
    <Text Include="TODO.txt">
      <Filter>core</Filter>
    </Text>
  </ItemGroup>
  <ItemGroup>
    <Library Include="Libs\opengl\x86\glew32s.lib">
      <Filter>Libs\opengl\x86</Filter>
    </Library>
    <Library Include="Libs\opengl\x64\glew32s.lib">
      <Filter>Libs\opengl\x64</Filter>
    </Library>
    <Library Include="Libs\minhook\x86\debug\libMinHook.x86.lib">
      <Filter>Libs\minhook\x86\debug</Filter>
    </Library>
    <Library Include="Libs\minhook\x86\release\libMinHook.x86.lib">
      <Filter>Libs\minhook\x86\release</Filter>
    </Library>
    <Library Include="Libs\minhook\x64\debug\libMinHook.x64.lib">
      <Filter>Libs\minhook\x64\debug</Filter>
    </Library>
    <Library Include="Libs\minhook\x64\release\libMinHook.x64.lib">
      <Filter>Libs\minhook\x64\release</Filter>
    </Library>
  </ItemGroup>
</Project>